
Microsoft Visual Studio Solution File, Format Version 12.00
# Visual Studio Version 16
VisualStudioVersion = 16.0.30804.86
MinimumVisualStudioVersion = 10.0.40219.1
Project("{FAE04EC0-301F-11D3-BF4B-00C04F79EFBC}") = "WindowsForm", "WindowsForm\WindowsForm.csproj", "{CDEC23F3-516F-4351-B1B4-A2F4F620EE79}"
EndProject
Project("{FAE04EC0-301F-11D3-BF4B-00C04F79EFBC}") = "BAL", "BAL\BAL.csproj", "{061414CA-FC66-4C21-9514-1B0A43FCA4BB}"
EndProject
Project("{FAE04EC0-301F-11D3-BF4B-00C04F79EFBC}") = "DAL", "DAL\DAL.csproj", "{963B96FC-F460-4126-BFBD-5E44731A7239}"
EndProject
Project("{FAE04EC0-301F-11D3-BF4B-00C04F79EFBC}") = "DataEntityTier", "DataEntityTier\DataEntityTier.csproj", "{D9FBCA02-081A-4038-BB1F-D89B57CCF37F}"
EndProject
Project("{FAE04EC0-301F-11D3-BF4B-00C04F79EFBC}") = "DataAccess", "DataAccess\DataAccess.csproj", "{441FA194-0580-4DE8-BC19-9E871DC8071D}"
EndProject
Global
	GlobalSection(SolutionConfigurationPlatforms) = preSolution
		Debug|Any CPU = Debug|Any CPU
		Release|Any CPU = Release|Any CPU
	EndGlobalSection
	GlobalSection(ProjectConfigurationPlatforms) = postSolution
		{CDEC23F3-516F-4351-B1B4-A2F4F620EE79}.Debug|Any CPU.ActiveCfg = Debug|Any CPU
		{CDEC23F3-516F-4351-B1B4-A2F4F620EE79}.Debug|Any CPU.Build.0 = Debug|Any CPU
		{CDEC23F3-516F-4351-B1B4-A2F4F620EE79}.Release|Any CPU.ActiveCfg = Release|Any CPU
		{CDEC23F3-516F-4351-B1B4-A2F4F620EE79}.Release|Any CPU.Build.0 = Release|Any CPU
		{061414CA-FC66-4C21-9514-1B0A43FCA4BB}.Debug|Any CPU.ActiveCfg = Debug|Any CPU
		{061414CA-FC66-4C21-9514-1B0A43FCA4BB}.Debug|Any CPU.Build.0 = Debug|Any CPU
		{061414CA-FC66-4C21-9514-1B0A43FCA4BB}.Release|Any CPU.ActiveCfg = Release|Any CPU
		{061414CA-FC66-4C21-9514-1B0A43FCA4BB}.Release|Any CPU.Build.0 = Release|Any CPU
		{963B96FC-F460-4126-BFBD-5E44731A7239}.Debug|Any CPU.ActiveCfg = Debug|Any CPU
		{963B96FC-F460-4126-BFBD-5E44731A7239}.Debug|Any CPU.Build.0 = Debug|Any CPU
		{963B96FC-F460-4126-BFBD-5E44731A7239}.Release|Any CPU.ActiveCfg = Release|Any CPU
		{963B96FC-F460-4126-BFBD-5E44731A7239}.Release|Any CPU.Build.0 = Release|Any CPU
		{D9FBCA02-081A-4038-BB1F-D89B57CCF37F}.Debug|Any CPU.ActiveCfg = Debug|Any CPU
		{D9FBCA02-081A-4038-BB1F-D89B57CCF37F}.Debug|Any CPU.Build.0 = Debug|Any CPU
		{D9FBCA02-081A-4038-BB1F-D89B57CCF37F}.Release|Any CPU.ActiveCfg = Release|Any CPU
		{D9FBCA02-081A-4038-BB1F-D89B57CCF37F}.Release|Any CPU.Build.0 = Release|Any CPU
		{441FA194-0580-4DE8-BC19-9E871DC8071D}.Debug|Any CPU.ActiveCfg = Debug|Any CPU
		{441FA194-0580-4DE8-BC19-9E871DC8071D}.Debug|Any CPU.Build.0 = Debug|Any CPU
		{441FA194-0580-4DE8-BC19-9E871DC8071D}.Release|Any CPU.ActiveCfg = Release|Any CPU
		{441FA194-0580-4DE8-BC19-9E871DC8071D}.Release|Any CPU.Build.0 = Release|Any CPU
	EndGlobalSection
	GlobalSection(SolutionProperties) = preSolution
		HideSolutionNode = FALSE
	EndGlobalSection
	GlobalSection(ExtensibilityGlobals) = postSolution
		SolutionGuid = {88A53BB1-619D-4DEA-8523-1918C5A9926E}
	EndGlobalSection
EndGlobal
